
Microsoft Visual Studio Solution File, Format Version 12.00
# Visual Studio 14
VisualStudioVersion = 14.0.25420.1
MinimumVisualStudioVersion = 10.0.40219.1
Project("{FAE04EC0-301F-11D3-BF4B-00C04F79EFBC}") = "Chef", "Chef\Chef.csproj", "{810087EE-4AF2-4075-87E9-6DB226F5E719}"
EndProject
Project("{FAE04EC0-301F-11D3-BF4B-00C04F79EFBC}") = "Statement", "Statement\Statement.csproj", "{BE082CA9-F392-494A-9486-9BBD32BF4A7B}"
EndProject
Project("{FAE04EC0-301F-11D3-BF4B-00C04F79EFBC}") = "Loop", "Loop\Loop.csproj", "{F5C4B4F9-5EB8-4936-B71F-A1C40B285F65}"
EndProject
Global
	GlobalSection(SolutionConfigurationPlatforms) = preSolution
		Debug|Any CPU = Debug|Any CPU
		Release|Any CPU = Release|Any CPU
	EndGlobalSection
	GlobalSection(ProjectConfigurationPlatforms) = postSolution
		{810087EE-4AF2-4075-87E9-6DB226F5E719}.Debug|Any CPU.ActiveCfg = Debug|Any CPU
		{810087EE-4AF2-4075-87E9-6DB226F5E719}.Debug|Any CPU.Build.0 = Debug|Any CPU
		{810087EE-4AF2-4075-87E9-6DB226F5E719}.Release|Any CPU.ActiveCfg = Release|Any CPU
		{810087EE-4AF2-4075-87E9-6DB226F5E719}.Release|Any CPU.Build.0 = Release|Any CPU
		{BE082CA9-F392-494A-9486-9BBD32BF4A7B}.Debug|Any CPU.ActiveCfg = Debug|Any CPU
		{BE082CA9-F392-494A-9486-9BBD32BF4A7B}.Debug|Any CPU.Build.0 = Debug|Any CPU
		{BE082CA9-F392-494A-9486-9BBD32BF4A7B}.Release|Any CPU.ActiveCfg = Release|Any CPU
		{BE082CA9-F392-494A-9486-9BBD32BF4A7B}.Release|Any CPU.Build.0 = Release|Any CPU
		{F5C4B4F9-5EB8-4936-B71F-A1C40B285F65}.Debug|Any CPU.ActiveCfg = Debug|Any CPU
		{F5C4B4F9-5EB8-4936-B71F-A1C40B285F65}.Debug|Any CPU.Build.0 = Debug|Any CPU
		{F5C4B4F9-5EB8-4936-B71F-A1C40B285F65}.Release|Any CPU.ActiveCfg = Release|Any CPU
		{F5C4B4F9-5EB8-4936-B71F-A1C40B285F65}.Release|Any CPU.Build.0 = Release|Any CPU
	EndGlobalSection
	GlobalSection(SolutionProperties) = preSolution
		HideSolutionNode = FALSE
	EndGlobalSection
EndGlobal
