
Microsoft Visual Studio Solution File, Format Version 12.00
# Visual Studio 14
VisualStudioVersion = 14.0.24720.0
MinimumVisualStudioVersion = 10.0.40219.1
Project("{FAE04EC0-301F-11D3-BF4B-00C04F79EFBC}") = "01. ExchangeValues", "01. ExchangeValues\01. ExchangeValues.csproj", "{652D5814-8461-4C29-A88D-2733F5D95B90}"
EndProject
Project("{FAE04EC0-301F-11D3-BF4B-00C04F79EFBC}") = "02. PrintNumberProductSign", "02. PrintNumberProductSign\02. PrintNumberProductSign.csproj", "{3A415AE6-9E59-40A6-99A2-B7FF2E9CD30D}"
EndProject
Project("{FAE04EC0-301F-11D3-BF4B-00C04F79EFBC}") = "03. CompareNumbers", "03. CompareNumbers\03. CompareNumbers.csproj", "{1833F241-BA80-4EC4-8BA0-A3FD0ADFC962}"
EndProject
Project("{FAE04EC0-301F-11D3-BF4B-00C04F79EFBC}") = "04. SortThreeNumbers", "04. SortThreeNumbers\04. SortThreeNumbers.csproj", "{CD1FEAD6-2FAB-4FEB-B12A-D8828064A09B}"
EndProject
Project("{FAE04EC0-301F-11D3-BF4B-00C04F79EFBC}") = "05. NumberAsWords", "05. NumberAsWords\05. NumberAsWords.csproj", "{BCC64253-B86B-436D-8475-774EB6FA7211}"
EndProject
Project("{FAE04EC0-301F-11D3-BF4B-00C04F79EFBC}") = "06. QuadraticEquation", "06. QuadraticEquation\06. QuadraticEquation.csproj", "{8E232C43-DDC4-4474-AE7A-0FB7B7BE5312}"
EndProject
Project("{FAE04EC0-301F-11D3-BF4B-00C04F79EFBC}") = "07. GreatestOfFive", "07. GreatestOfFive\07. GreatestOfFive.csproj", "{8D3B2091-ABB2-44F1-A9EE-4CD206D37D01}"
EndProject
Project("{FAE04EC0-301F-11D3-BF4B-00C04F79EFBC}") = "08. SwitchUserChoice", "08. SwitchUserChoice\08. SwitchUserChoice.csproj", "{1BCBFB0D-B1B2-4E7B-9A55-59005F5E6911}"
EndProject
Project("{FAE04EC0-301F-11D3-BF4B-00C04F79EFBC}") = "09. SubsetSum", "09. SubsetSum\09. SubsetSum.csproj", "{AAAD3481-3893-4DAF-82F8-997B18E2EED0}"
EndProject
Project("{FAE04EC0-301F-11D3-BF4B-00C04F79EFBC}") = "10. BonusPoints", "10. BonusPoints\10. BonusPoints.csproj", "{654033B7-C350-4490-BC8A-6456FB9FD88A}"
EndProject
Project("{FAE04EC0-301F-11D3-BF4B-00C04F79EFBC}") = "11. NumbersAsWordsExtended", "11. NumbersAsWordsExtended\11. NumbersAsWordsExtended.csproj", "{712C84D7-B2D0-4DCE-8E68-F5BC7AB44EDC}"
EndProject
Global
	GlobalSection(SolutionConfigurationPlatforms) = preSolution
		Debug|Any CPU = Debug|Any CPU
		Release|Any CPU = Release|Any CPU
	EndGlobalSection
	GlobalSection(ProjectConfigurationPlatforms) = postSolution
		{652D5814-8461-4C29-A88D-2733F5D95B90}.Debug|Any CPU.ActiveCfg = Debug|Any CPU
		{652D5814-8461-4C29-A88D-2733F5D95B90}.Debug|Any CPU.Build.0 = Debug|Any CPU
		{652D5814-8461-4C29-A88D-2733F5D95B90}.Release|Any CPU.ActiveCfg = Release|Any CPU
		{652D5814-8461-4C29-A88D-2733F5D95B90}.Release|Any CPU.Build.0 = Release|Any CPU
		{3A415AE6-9E59-40A6-99A2-B7FF2E9CD30D}.Debug|Any CPU.ActiveCfg = Debug|Any CPU
		{3A415AE6-9E59-40A6-99A2-B7FF2E9CD30D}.Debug|Any CPU.Build.0 = Debug|Any CPU
		{3A415AE6-9E59-40A6-99A2-B7FF2E9CD30D}.Release|Any CPU.ActiveCfg = Release|Any CPU
		{3A415AE6-9E59-40A6-99A2-B7FF2E9CD30D}.Release|Any CPU.Build.0 = Release|Any CPU
		{1833F241-BA80-4EC4-8BA0-A3FD0ADFC962}.Debug|Any CPU.ActiveCfg = Debug|Any CPU
		{1833F241-BA80-4EC4-8BA0-A3FD0ADFC962}.Debug|Any CPU.Build.0 = Debug|Any CPU
		{1833F241-BA80-4EC4-8BA0-A3FD0ADFC962}.Release|Any CPU.ActiveCfg = Release|Any CPU
		{1833F241-BA80-4EC4-8BA0-A3FD0ADFC962}.Release|Any CPU.Build.0 = Release|Any CPU
		{CD1FEAD6-2FAB-4FEB-B12A-D8828064A09B}.Debug|Any CPU.ActiveCfg = Debug|Any CPU
		{CD1FEAD6-2FAB-4FEB-B12A-D8828064A09B}.Debug|Any CPU.Build.0 = Debug|Any CPU
		{CD1FEAD6-2FAB-4FEB-B12A-D8828064A09B}.Release|Any CPU.ActiveCfg = Release|Any CPU
		{CD1FEAD6-2FAB-4FEB-B12A-D8828064A09B}.Release|Any CPU.Build.0 = Release|Any CPU
		{BCC64253-B86B-436D-8475-774EB6FA7211}.Debug|Any CPU.ActiveCfg = Debug|Any CPU
		{BCC64253-B86B-436D-8475-774EB6FA7211}.Debug|Any CPU.Build.0 = Debug|Any CPU
		{BCC64253-B86B-436D-8475-774EB6FA7211}.Release|Any CPU.ActiveCfg = Release|Any CPU
		{BCC64253-B86B-436D-8475-774EB6FA7211}.Release|Any CPU.Build.0 = Release|Any CPU
		{8E232C43-DDC4-4474-AE7A-0FB7B7BE5312}.Debug|Any CPU.ActiveCfg = Debug|Any CPU
		{8E232C43-DDC4-4474-AE7A-0FB7B7BE5312}.Debug|Any CPU.Build.0 = Debug|Any CPU
		{8E232C43-DDC4-4474-AE7A-0FB7B7BE5312}.Release|Any CPU.ActiveCfg = Release|Any CPU
		{8E232C43-DDC4-4474-AE7A-0FB7B7BE5312}.Release|Any CPU.Build.0 = Release|Any CPU
		{8D3B2091-ABB2-44F1-A9EE-4CD206D37D01}.Debug|Any CPU.ActiveCfg = Debug|Any CPU
		{8D3B2091-ABB2-44F1-A9EE-4CD206D37D01}.Debug|Any CPU.Build.0 = Debug|Any CPU
		{8D3B2091-ABB2-44F1-A9EE-4CD206D37D01}.Release|Any CPU.ActiveCfg = Release|Any CPU
		{8D3B2091-ABB2-44F1-A9EE-4CD206D37D01}.Release|Any CPU.Build.0 = Release|Any CPU
		{1BCBFB0D-B1B2-4E7B-9A55-59005F5E6911}.Debug|Any CPU.ActiveCfg = Debug|Any CPU
		{1BCBFB0D-B1B2-4E7B-9A55-59005F5E6911}.Debug|Any CPU.Build.0 = Debug|Any CPU
		{1BCBFB0D-B1B2-4E7B-9A55-59005F5E6911}.Release|Any CPU.ActiveCfg = Release|Any CPU
		{1BCBFB0D-B1B2-4E7B-9A55-59005F5E6911}.Release|Any CPU.Build.0 = Release|Any CPU
		{AAAD3481-3893-4DAF-82F8-997B18E2EED0}.Debug|Any CPU.ActiveCfg = Debug|Any CPU
		{AAAD3481-3893-4DAF-82F8-997B18E2EED0}.Debug|Any CPU.Build.0 = Debug|Any CPU
		{AAAD3481-3893-4DAF-82F8-997B18E2EED0}.Release|Any CPU.ActiveCfg = Release|Any CPU
		{AAAD3481-3893-4DAF-82F8-997B18E2EED0}.Release|Any CPU.Build.0 = Release|Any CPU
		{654033B7-C350-4490-BC8A-6456FB9FD88A}.Debug|Any CPU.ActiveCfg = Debug|Any CPU
		{654033B7-C350-4490-BC8A-6456FB9FD88A}.Debug|Any CPU.Build.0 = Debug|Any CPU
		{654033B7-C350-4490-BC8A-6456FB9FD88A}.Release|Any CPU.ActiveCfg = Release|Any CPU
		{654033B7-C350-4490-BC8A-6456FB9FD88A}.Release|Any CPU.Build.0 = Release|Any CPU
		{712C84D7-B2D0-4DCE-8E68-F5BC7AB44EDC}.Debug|Any CPU.ActiveCfg = Debug|Any CPU
		{712C84D7-B2D0-4DCE-8E68-F5BC7AB44EDC}.Debug|Any CPU.Build.0 = Debug|Any CPU
		{712C84D7-B2D0-4DCE-8E68-F5BC7AB44EDC}.Release|Any CPU.ActiveCfg = Release|Any CPU
		{712C84D7-B2D0-4DCE-8E68-F5BC7AB44EDC}.Release|Any CPU.Build.0 = Release|Any CPU
	EndGlobalSection
	GlobalSection(SolutionProperties) = preSolution
		HideSolutionNode = FALSE
	EndGlobalSection
EndGlobal
