
Microsoft Visual Studio Solution File, Format Version 12.00
# Visual Studio 14
VisualStudioVersion = 14.0.25123.0
MinimumVisualStudioVersion = 10.0.40219.1
Project("{FAE04EC0-301F-11D3-BF4B-00C04F79EFBC}") = "01. IncreasingAbsoluteDifference", "01. IncreasingAbsoluteDifference\01. IncreasingAbsoluteDifference.csproj", "{3B7677E5-62CC-42EA-8F51-B1AB6DA78D7B}"
EndProject
Project("{FAE04EC0-301F-11D3-BF4B-00C04F79EFBC}") = "02. DecatCoding", "02. DecatCoding\02. DecatCoding.csproj", "{EE3A7E0F-CE77-45CD-BFDE-24BF817FA1AA}"
EndProject
Project("{FAE04EC0-301F-11D3-BF4B-00C04F79EFBC}") = "03. MultiverseCommunication", "03. MultiverseCommunication\03. MultiverseCommunication.csproj", "{93B6EAA8-41CF-463C-A4FB-03CFCE8843D8}"
EndProject
Project("{FAE04EC0-301F-11D3-BF4B-00C04F79EFBC}") = "04. MagicWords", "04. MagicWords\04. MagicWords.csproj", "{0F207081-87BA-40A5-8A3A-BF919AB7CEB2}"
EndProject
Project("{FAE04EC0-301F-11D3-BF4B-00C04F79EFBC}") = "05. StrangelandNumbers", "05. StrangelandNumbers\05. StrangelandNumbers.csproj", "{232F2FFE-B1FA-4D2D-9A3C-5487F4D55467}"
EndProject
Project("{FAE04EC0-301F-11D3-BF4B-00C04F79EFBC}") = "06. EvenDifferenced", "06. EvenDifferenced\06. EvenDifferenced.csproj", "{1BBA4E71-616A-4878-9146-78C27DA47A09}"
EndProject
Project("{FAE04EC0-301F-11D3-BF4B-00C04F79EFBC}") = "07. LoverOf3", "07. LoverOf3\07. LoverOf3.csproj", "{388D41A1-3752-4AD6-8BF2-0F4E2B80D71E}"
EndProject
Project("{FAE04EC0-301F-11D3-BF4B-00C04F79EFBC}") = "08. Konspiration", "08. Konspiration\08. Konspiration.csproj", "{9C2157A3-2D0F-49A3-BC9A-F55966061F57}"
EndProject
Project("{FAE04EC0-301F-11D3-BF4B-00C04F79EFBC}") = "09. BitShiftMatrix", "09. BitShiftMatrix\09. BitShiftMatrix.csproj", "{EEE80D38-C266-4345-BD71-A5ABBDA42A65}"
EndProject
Project("{FAE04EC0-301F-11D3-BF4B-00C04F79EFBC}") = "10. Catastrophe", "10. Catastrophe\10. Catastrophe.csproj", "{13C53DB1-4479-4B81-9AFA-63E4C686064A}"
EndProject
Project("{FAE04EC0-301F-11D3-BF4B-00C04F79EFBC}") = "11. GreedyDwarf", "11. GreedyDwarf\11. GreedyDwarf.csproj", "{55AC67F9-9313-4426-8A00-329A6DC7A1A9}"
EndProject
Project("{FAE04EC0-301F-11D3-BF4B-00C04F79EFBC}") = "12. Slides", "12. Slides\12. Slides.csproj", "{1CBE8C15-21EE-49D6-8F50-E90E5C3DD64D}"
EndProject
Project("{FAE04EC0-301F-11D3-BF4B-00C04F79EFBC}") = "DecatCoding2", "DecatCoding2\DecatCoding2.csproj", "{3DA1CB33-EA8E-448E-8064-E0C9F430D345}"
EndProject
Project("{FAE04EC0-301F-11D3-BF4B-00C04F79EFBC}") = "LoverOf32", "LoverOf32\LoverOf32.csproj", "{790649F4-093A-4AE4-A945-FB60D5820690}"
EndProject
Global
	GlobalSection(SolutionConfigurationPlatforms) = preSolution
		Debug|Any CPU = Debug|Any CPU
		Release|Any CPU = Release|Any CPU
	EndGlobalSection
	GlobalSection(ProjectConfigurationPlatforms) = postSolution
		{3B7677E5-62CC-42EA-8F51-B1AB6DA78D7B}.Debug|Any CPU.ActiveCfg = Debug|Any CPU
		{3B7677E5-62CC-42EA-8F51-B1AB6DA78D7B}.Debug|Any CPU.Build.0 = Debug|Any CPU
		{3B7677E5-62CC-42EA-8F51-B1AB6DA78D7B}.Release|Any CPU.ActiveCfg = Release|Any CPU
		{3B7677E5-62CC-42EA-8F51-B1AB6DA78D7B}.Release|Any CPU.Build.0 = Release|Any CPU
		{EE3A7E0F-CE77-45CD-BFDE-24BF817FA1AA}.Debug|Any CPU.ActiveCfg = Debug|Any CPU
		{EE3A7E0F-CE77-45CD-BFDE-24BF817FA1AA}.Debug|Any CPU.Build.0 = Debug|Any CPU
		{EE3A7E0F-CE77-45CD-BFDE-24BF817FA1AA}.Release|Any CPU.ActiveCfg = Release|Any CPU
		{EE3A7E0F-CE77-45CD-BFDE-24BF817FA1AA}.Release|Any CPU.Build.0 = Release|Any CPU
		{93B6EAA8-41CF-463C-A4FB-03CFCE8843D8}.Debug|Any CPU.ActiveCfg = Debug|Any CPU
		{93B6EAA8-41CF-463C-A4FB-03CFCE8843D8}.Debug|Any CPU.Build.0 = Debug|Any CPU
		{93B6EAA8-41CF-463C-A4FB-03CFCE8843D8}.Release|Any CPU.ActiveCfg = Release|Any CPU
		{93B6EAA8-41CF-463C-A4FB-03CFCE8843D8}.Release|Any CPU.Build.0 = Release|Any CPU
		{0F207081-87BA-40A5-8A3A-BF919AB7CEB2}.Debug|Any CPU.ActiveCfg = Debug|Any CPU
		{0F207081-87BA-40A5-8A3A-BF919AB7CEB2}.Debug|Any CPU.Build.0 = Debug|Any CPU
		{0F207081-87BA-40A5-8A3A-BF919AB7CEB2}.Release|Any CPU.ActiveCfg = Release|Any CPU
		{0F207081-87BA-40A5-8A3A-BF919AB7CEB2}.Release|Any CPU.Build.0 = Release|Any CPU
		{232F2FFE-B1FA-4D2D-9A3C-5487F4D55467}.Debug|Any CPU.ActiveCfg = Debug|Any CPU
		{232F2FFE-B1FA-4D2D-9A3C-5487F4D55467}.Debug|Any CPU.Build.0 = Debug|Any CPU
		{232F2FFE-B1FA-4D2D-9A3C-5487F4D55467}.Release|Any CPU.ActiveCfg = Release|Any CPU
		{232F2FFE-B1FA-4D2D-9A3C-5487F4D55467}.Release|Any CPU.Build.0 = Release|Any CPU
		{1BBA4E71-616A-4878-9146-78C27DA47A09}.Debug|Any CPU.ActiveCfg = Debug|Any CPU
		{1BBA4E71-616A-4878-9146-78C27DA47A09}.Debug|Any CPU.Build.0 = Debug|Any CPU
		{1BBA4E71-616A-4878-9146-78C27DA47A09}.Release|Any CPU.ActiveCfg = Release|Any CPU
		{1BBA4E71-616A-4878-9146-78C27DA47A09}.Release|Any CPU.Build.0 = Release|Any CPU
		{388D41A1-3752-4AD6-8BF2-0F4E2B80D71E}.Debug|Any CPU.ActiveCfg = Debug|Any CPU
		{388D41A1-3752-4AD6-8BF2-0F4E2B80D71E}.Debug|Any CPU.Build.0 = Debug|Any CPU
		{388D41A1-3752-4AD6-8BF2-0F4E2B80D71E}.Release|Any CPU.ActiveCfg = Release|Any CPU
		{388D41A1-3752-4AD6-8BF2-0F4E2B80D71E}.Release|Any CPU.Build.0 = Release|Any CPU
		{9C2157A3-2D0F-49A3-BC9A-F55966061F57}.Debug|Any CPU.ActiveCfg = Debug|Any CPU
		{9C2157A3-2D0F-49A3-BC9A-F55966061F57}.Debug|Any CPU.Build.0 = Debug|Any CPU
		{9C2157A3-2D0F-49A3-BC9A-F55966061F57}.Release|Any CPU.ActiveCfg = Release|Any CPU
		{9C2157A3-2D0F-49A3-BC9A-F55966061F57}.Release|Any CPU.Build.0 = Release|Any CPU
		{EEE80D38-C266-4345-BD71-A5ABBDA42A65}.Debug|Any CPU.ActiveCfg = Debug|Any CPU
		{EEE80D38-C266-4345-BD71-A5ABBDA42A65}.Debug|Any CPU.Build.0 = Debug|Any CPU
		{EEE80D38-C266-4345-BD71-A5ABBDA42A65}.Release|Any CPU.ActiveCfg = Release|Any CPU
		{EEE80D38-C266-4345-BD71-A5ABBDA42A65}.Release|Any CPU.Build.0 = Release|Any CPU
		{13C53DB1-4479-4B81-9AFA-63E4C686064A}.Debug|Any CPU.ActiveCfg = Debug|Any CPU
		{13C53DB1-4479-4B81-9AFA-63E4C686064A}.Debug|Any CPU.Build.0 = Debug|Any CPU
		{13C53DB1-4479-4B81-9AFA-63E4C686064A}.Release|Any CPU.ActiveCfg = Release|Any CPU
		{13C53DB1-4479-4B81-9AFA-63E4C686064A}.Release|Any CPU.Build.0 = Release|Any CPU
		{55AC67F9-9313-4426-8A00-329A6DC7A1A9}.Debug|Any CPU.ActiveCfg = Debug|Any CPU
		{55AC67F9-9313-4426-8A00-329A6DC7A1A9}.Debug|Any CPU.Build.0 = Debug|Any CPU
		{55AC67F9-9313-4426-8A00-329A6DC7A1A9}.Release|Any CPU.ActiveCfg = Release|Any CPU
		{55AC67F9-9313-4426-8A00-329A6DC7A1A9}.Release|Any CPU.Build.0 = Release|Any CPU
		{1CBE8C15-21EE-49D6-8F50-E90E5C3DD64D}.Debug|Any CPU.ActiveCfg = Debug|Any CPU
		{1CBE8C15-21EE-49D6-8F50-E90E5C3DD64D}.Debug|Any CPU.Build.0 = Debug|Any CPU
		{1CBE8C15-21EE-49D6-8F50-E90E5C3DD64D}.Release|Any CPU.ActiveCfg = Release|Any CPU
		{1CBE8C15-21EE-49D6-8F50-E90E5C3DD64D}.Release|Any CPU.Build.0 = Release|Any CPU
		{3DA1CB33-EA8E-448E-8064-E0C9F430D345}.Debug|Any CPU.ActiveCfg = Debug|Any CPU
		{3DA1CB33-EA8E-448E-8064-E0C9F430D345}.Debug|Any CPU.Build.0 = Debug|Any CPU
		{3DA1CB33-EA8E-448E-8064-E0C9F430D345}.Release|Any CPU.ActiveCfg = Release|Any CPU
		{3DA1CB33-EA8E-448E-8064-E0C9F430D345}.Release|Any CPU.Build.0 = Release|Any CPU
		{790649F4-093A-4AE4-A945-FB60D5820690}.Debug|Any CPU.ActiveCfg = Debug|Any CPU
		{790649F4-093A-4AE4-A945-FB60D5820690}.Debug|Any CPU.Build.0 = Debug|Any CPU
		{790649F4-093A-4AE4-A945-FB60D5820690}.Release|Any CPU.ActiveCfg = Release|Any CPU
		{790649F4-093A-4AE4-A945-FB60D5820690}.Release|Any CPU.Build.0 = Release|Any CPU
	EndGlobalSection
	GlobalSection(SolutionProperties) = preSolution
		HideSolutionNode = FALSE
	EndGlobalSection
EndGlobal
