
Microsoft Visual Studio Solution File, Format Version 12.00
# Visual Studio 14
VisualStudioVersion = 14.0.25123.0
MinimumVisualStudioVersion = 10.0.40219.1
Project("{FAE04EC0-301F-11D3-BF4B-00C04F79EFBC}") = "01. IncreasingAbsoluteDifference", "01. IncreasingAbsoluteDifference\01. IncreasingAbsoluteDifference.csproj", "{3B7677E5-62CC-42EA-8F51-B1AB6DA78D7B}"
EndProject
Project("{FAE04EC0-301F-11D3-BF4B-00C04F79EFBC}") = "02. DecatCoding", "02. DecatCoding\02. DecatCoding.csproj", "{EE3A7E0F-CE77-45CD-BFDE-24BF817FA1AA}"
EndProject
Global
	GlobalSection(SolutionConfigurationPlatforms) = preSolution
		Debug|Any CPU = Debug|Any CPU
		Release|Any CPU = Release|Any CPU
	EndGlobalSection
	GlobalSection(ProjectConfigurationPlatforms) = postSolution
		{3B7677E5-62CC-42EA-8F51-B1AB6DA78D7B}.Debug|Any CPU.ActiveCfg = Debug|Any CPU
		{3B7677E5-62CC-42EA-8F51-B1AB6DA78D7B}.Debug|Any CPU.Build.0 = Debug|Any CPU
		{3B7677E5-62CC-42EA-8F51-B1AB6DA78D7B}.Release|Any CPU.ActiveCfg = Release|Any CPU
		{3B7677E5-62CC-42EA-8F51-B1AB6DA78D7B}.Release|Any CPU.Build.0 = Release|Any CPU
		{EE3A7E0F-CE77-45CD-BFDE-24BF817FA1AA}.Debug|Any CPU.ActiveCfg = Debug|Any CPU
		{EE3A7E0F-CE77-45CD-BFDE-24BF817FA1AA}.Debug|Any CPU.Build.0 = Debug|Any CPU
		{EE3A7E0F-CE77-45CD-BFDE-24BF817FA1AA}.Release|Any CPU.ActiveCfg = Release|Any CPU
		{EE3A7E0F-CE77-45CD-BFDE-24BF817FA1AA}.Release|Any CPU.Build.0 = Release|Any CPU
	EndGlobalSection
	GlobalSection(SolutionProperties) = preSolution
		HideSolutionNode = FALSE
	EndGlobalSection
EndGlobal
