
Microsoft Visual Studio Solution File, Format Version 12.00
# Visual Studio 14
VisualStudioVersion = 14.0.25123.0
MinimumVisualStudioVersion = 10.0.40219.1
Project("{FAE04EC0-301F-11D3-BF4B-00C04F79EFBC}") = "01. Student", "01. Student\01. Student.csproj", "{01064DBE-8277-417C-BCC8-39F41CAD94A1}"
EndProject
Project("{FAE04EC0-301F-11D3-BF4B-00C04F79EFBC}") = "02. Person", "02. Person\02. Person.csproj", "{1827E5FB-390E-42B8-82D7-2F97D8280AA8}"
EndProject
Project("{FAE04EC0-301F-11D3-BF4B-00C04F79EFBC}") = "03. BitArray64", "03. BitArray64\03. BitArray64.csproj", "{F5B24B49-4E31-44B9-8132-985C6D9A232A}"
EndProject
Global
	GlobalSection(SolutionConfigurationPlatforms) = preSolution
		Debug|Any CPU = Debug|Any CPU
		Release|Any CPU = Release|Any CPU
	EndGlobalSection
	GlobalSection(ProjectConfigurationPlatforms) = postSolution
		{01064DBE-8277-417C-BCC8-39F41CAD94A1}.Debug|Any CPU.ActiveCfg = Debug|Any CPU
		{01064DBE-8277-417C-BCC8-39F41CAD94A1}.Debug|Any CPU.Build.0 = Debug|Any CPU
		{01064DBE-8277-417C-BCC8-39F41CAD94A1}.Release|Any CPU.ActiveCfg = Release|Any CPU
		{01064DBE-8277-417C-BCC8-39F41CAD94A1}.Release|Any CPU.Build.0 = Release|Any CPU
		{1827E5FB-390E-42B8-82D7-2F97D8280AA8}.Debug|Any CPU.ActiveCfg = Debug|Any CPU
		{1827E5FB-390E-42B8-82D7-2F97D8280AA8}.Debug|Any CPU.Build.0 = Debug|Any CPU
		{1827E5FB-390E-42B8-82D7-2F97D8280AA8}.Release|Any CPU.ActiveCfg = Release|Any CPU
		{1827E5FB-390E-42B8-82D7-2F97D8280AA8}.Release|Any CPU.Build.0 = Release|Any CPU
		{F5B24B49-4E31-44B9-8132-985C6D9A232A}.Debug|Any CPU.ActiveCfg = Debug|Any CPU
		{F5B24B49-4E31-44B9-8132-985C6D9A232A}.Debug|Any CPU.Build.0 = Debug|Any CPU
		{F5B24B49-4E31-44B9-8132-985C6D9A232A}.Release|Any CPU.ActiveCfg = Release|Any CPU
		{F5B24B49-4E31-44B9-8132-985C6D9A232A}.Release|Any CPU.Build.0 = Release|Any CPU
	EndGlobalSection
	GlobalSection(SolutionProperties) = preSolution
		HideSolutionNode = FALSE
	EndGlobalSection
EndGlobal
