
Microsoft Visual Studio Solution File, Format Version 12.00
# Visual Studio 14
VisualStudioVersion = 14.0.25123.0
MinimumVisualStudioVersion = 10.0.40219.1
Project("{FAE04EC0-301F-11D3-BF4B-00C04F79EFBC}") = "Shapes", "Shapes\Shapes.csproj", "{24814D7A-8F4C-4EC0-8BDB-6C3B0663ECF2}"
EndProject
Project("{FAE04EC0-301F-11D3-BF4B-00C04F79EFBC}") = "BankAccounts", "BankAccounts\BankAccounts.csproj", "{C61E10F9-1AA0-4CEF-9E9F-F28BC6B82AD3}"
EndProject
Project("{FAE04EC0-301F-11D3-BF4B-00C04F79EFBC}") = "RangeException", "RangeException\RangeException.csproj", "{7F3E47D6-7ADB-41F3-BD3B-3B3BF291AF2F}"
EndProject
Global
	GlobalSection(SolutionConfigurationPlatforms) = preSolution
		Debug|Any CPU = Debug|Any CPU
		Release|Any CPU = Release|Any CPU
	EndGlobalSection
	GlobalSection(ProjectConfigurationPlatforms) = postSolution
		{24814D7A-8F4C-4EC0-8BDB-6C3B0663ECF2}.Debug|Any CPU.ActiveCfg = Debug|Any CPU
		{24814D7A-8F4C-4EC0-8BDB-6C3B0663ECF2}.Debug|Any CPU.Build.0 = Debug|Any CPU
		{24814D7A-8F4C-4EC0-8BDB-6C3B0663ECF2}.Release|Any CPU.ActiveCfg = Release|Any CPU
		{24814D7A-8F4C-4EC0-8BDB-6C3B0663ECF2}.Release|Any CPU.Build.0 = Release|Any CPU
		{C61E10F9-1AA0-4CEF-9E9F-F28BC6B82AD3}.Debug|Any CPU.ActiveCfg = Debug|Any CPU
		{C61E10F9-1AA0-4CEF-9E9F-F28BC6B82AD3}.Debug|Any CPU.Build.0 = Debug|Any CPU
		{C61E10F9-1AA0-4CEF-9E9F-F28BC6B82AD3}.Release|Any CPU.ActiveCfg = Release|Any CPU
		{C61E10F9-1AA0-4CEF-9E9F-F28BC6B82AD3}.Release|Any CPU.Build.0 = Release|Any CPU
		{7F3E47D6-7ADB-41F3-BD3B-3B3BF291AF2F}.Debug|Any CPU.ActiveCfg = Debug|Any CPU
		{7F3E47D6-7ADB-41F3-BD3B-3B3BF291AF2F}.Debug|Any CPU.Build.0 = Debug|Any CPU
		{7F3E47D6-7ADB-41F3-BD3B-3B3BF291AF2F}.Release|Any CPU.ActiveCfg = Release|Any CPU
		{7F3E47D6-7ADB-41F3-BD3B-3B3BF291AF2F}.Release|Any CPU.Build.0 = Release|Any CPU
	EndGlobalSection
	GlobalSection(SolutionProperties) = preSolution
		HideSolutionNode = FALSE
	EndGlobalSection
EndGlobal
