
Microsoft Visual Studio Solution File, Format Version 12.00
# Visual Studio 14
VisualStudioVersion = 14.0.25123.0
MinimumVisualStudioVersion = 10.0.40219.1
Project("{FAE04EC0-301F-11D3-BF4B-00C04F79EFBC}") = "04. PersianRugs", "04. PersianRugs\04. PersianRugs.csproj", "{72D651E0-8B56-45E7-889F-C054963B42DF}"
EndProject
Project("{FAE04EC0-301F-11D3-BF4B-00C04F79EFBC}") = "01. ThreeNumbers", "01. ThreeNumbers\01. ThreeNumbers.csproj", "{78B4CAC9-7999-4877-A579-988F9FA71D25}"
EndProject
Project("{FAE04EC0-301F-11D3-BF4B-00C04F79EFBC}") = "02. Decoding", "02. Decoding\02. Decoding.csproj", "{BB951947-23D3-4BF8-8F6A-B37536E8F53E}"
EndProject
Project("{FAE04EC0-301F-11D3-BF4B-00C04F79EFBC}") = "03. ConsoleApplication1", "03. ConsoleApplication1\03. ConsoleApplication1.csproj", "{9D544574-BA93-4C14-875F-40696122F5F4}"
EndProject
Project("{FAE04EC0-301F-11D3-BF4B-00C04F79EFBC}") = "06. ConsoleApplication1Variant2", "04. ConsoleApplication1Variant2\06. ConsoleApplication1Variant2.csproj", "{9E6B38EC-3920-4964-97E0-01DFB44BE523}"
EndProject
Project("{FAE04EC0-301F-11D3-BF4B-00C04F79EFBC}") = "07. PersianRugsVariant2", "07. PersianRugsVariant2\07. PersianRugsVariant2.csproj", "{5FC1630E-3C9D-435F-98FE-E1A0C2B3A6D5}"
EndProject
Project("{FAE04EC0-301F-11D3-BF4B-00C04F79EFBC}") = "08. PersianRugsVariant3", "08. PersianRugsVariant3\08. PersianRugsVariant3.csproj", "{8D9159A6-0CCB-4633-80D5-6CEA790BC294}"
EndProject
Project("{FAE04EC0-301F-11D3-BF4B-00C04F79EFBC}") = "09. SearchInBits", "09. SearchInBits\09. SearchInBits.csproj", "{92C54A0B-D1AA-48CA-8B6F-6C7304C6A29A}"
EndProject
Global
	GlobalSection(SolutionConfigurationPlatforms) = preSolution
		Debug|Any CPU = Debug|Any CPU
		Release|Any CPU = Release|Any CPU
	EndGlobalSection
	GlobalSection(ProjectConfigurationPlatforms) = postSolution
		{72D651E0-8B56-45E7-889F-C054963B42DF}.Debug|Any CPU.ActiveCfg = Debug|Any CPU
		{72D651E0-8B56-45E7-889F-C054963B42DF}.Debug|Any CPU.Build.0 = Debug|Any CPU
		{72D651E0-8B56-45E7-889F-C054963B42DF}.Release|Any CPU.ActiveCfg = Release|Any CPU
		{72D651E0-8B56-45E7-889F-C054963B42DF}.Release|Any CPU.Build.0 = Release|Any CPU
		{78B4CAC9-7999-4877-A579-988F9FA71D25}.Debug|Any CPU.ActiveCfg = Debug|Any CPU
		{78B4CAC9-7999-4877-A579-988F9FA71D25}.Debug|Any CPU.Build.0 = Debug|Any CPU
		{78B4CAC9-7999-4877-A579-988F9FA71D25}.Release|Any CPU.ActiveCfg = Release|Any CPU
		{78B4CAC9-7999-4877-A579-988F9FA71D25}.Release|Any CPU.Build.0 = Release|Any CPU
		{BB951947-23D3-4BF8-8F6A-B37536E8F53E}.Debug|Any CPU.ActiveCfg = Debug|Any CPU
		{BB951947-23D3-4BF8-8F6A-B37536E8F53E}.Debug|Any CPU.Build.0 = Debug|Any CPU
		{BB951947-23D3-4BF8-8F6A-B37536E8F53E}.Release|Any CPU.ActiveCfg = Release|Any CPU
		{BB951947-23D3-4BF8-8F6A-B37536E8F53E}.Release|Any CPU.Build.0 = Release|Any CPU
		{9D544574-BA93-4C14-875F-40696122F5F4}.Debug|Any CPU.ActiveCfg = Debug|Any CPU
		{9D544574-BA93-4C14-875F-40696122F5F4}.Debug|Any CPU.Build.0 = Debug|Any CPU
		{9D544574-BA93-4C14-875F-40696122F5F4}.Release|Any CPU.ActiveCfg = Release|Any CPU
		{9D544574-BA93-4C14-875F-40696122F5F4}.Release|Any CPU.Build.0 = Release|Any CPU
		{9E6B38EC-3920-4964-97E0-01DFB44BE523}.Debug|Any CPU.ActiveCfg = Debug|Any CPU
		{9E6B38EC-3920-4964-97E0-01DFB44BE523}.Debug|Any CPU.Build.0 = Debug|Any CPU
		{9E6B38EC-3920-4964-97E0-01DFB44BE523}.Release|Any CPU.ActiveCfg = Release|Any CPU
		{9E6B38EC-3920-4964-97E0-01DFB44BE523}.Release|Any CPU.Build.0 = Release|Any CPU
		{5FC1630E-3C9D-435F-98FE-E1A0C2B3A6D5}.Debug|Any CPU.ActiveCfg = Debug|Any CPU
		{5FC1630E-3C9D-435F-98FE-E1A0C2B3A6D5}.Debug|Any CPU.Build.0 = Debug|Any CPU
		{5FC1630E-3C9D-435F-98FE-E1A0C2B3A6D5}.Release|Any CPU.ActiveCfg = Release|Any CPU
		{5FC1630E-3C9D-435F-98FE-E1A0C2B3A6D5}.Release|Any CPU.Build.0 = Release|Any CPU
		{8D9159A6-0CCB-4633-80D5-6CEA790BC294}.Debug|Any CPU.ActiveCfg = Debug|Any CPU
		{8D9159A6-0CCB-4633-80D5-6CEA790BC294}.Debug|Any CPU.Build.0 = Debug|Any CPU
		{8D9159A6-0CCB-4633-80D5-6CEA790BC294}.Release|Any CPU.ActiveCfg = Release|Any CPU
		{8D9159A6-0CCB-4633-80D5-6CEA790BC294}.Release|Any CPU.Build.0 = Release|Any CPU
		{92C54A0B-D1AA-48CA-8B6F-6C7304C6A29A}.Debug|Any CPU.ActiveCfg = Debug|Any CPU
		{92C54A0B-D1AA-48CA-8B6F-6C7304C6A29A}.Debug|Any CPU.Build.0 = Debug|Any CPU
		{92C54A0B-D1AA-48CA-8B6F-6C7304C6A29A}.Release|Any CPU.ActiveCfg = Release|Any CPU
		{92C54A0B-D1AA-48CA-8B6F-6C7304C6A29A}.Release|Any CPU.Build.0 = Release|Any CPU
	EndGlobalSection
	GlobalSection(SolutionProperties) = preSolution
		HideSolutionNode = FALSE
	EndGlobalSection
EndGlobal
