
Microsoft Visual Studio Solution File, Format Version 12.00
# Visual Studio 14
VisualStudioVersion = 14.0.25420.1
MinimumVisualStudioVersion = 10.0.40219.1
Project("{FAE04EC0-301F-11D3-BF4B-00C04F79EFBC}") = "Company.Data", "Company.Data\Company.Data.csproj", "{719D3973-4741-46C2-98D0-A8F6B3272EC0}"
EndProject
Project("{FAE04EC0-301F-11D3-BF4B-00C04F79EFBC}") = "Company.ConsoleClient", "Company.ConsoleClient\Company.ConsoleClient.csproj", "{DEA6EAA5-F54C-410B-B4E0-CB01446FD8E7}"
EndProject
Project("{FAE04EC0-301F-11D3-BF4B-00C04F79EFBC}") = "Company.Importer", "CompanyImporter\Company.Importer.csproj", "{F6C592A5-CF22-4763-8FCE-5338555F25DF}"
EndProject
Global
	GlobalSection(SolutionConfigurationPlatforms) = preSolution
		Debug|Any CPU = Debug|Any CPU
		Release|Any CPU = Release|Any CPU
	EndGlobalSection
	GlobalSection(ProjectConfigurationPlatforms) = postSolution
		{719D3973-4741-46C2-98D0-A8F6B3272EC0}.Debug|Any CPU.ActiveCfg = Debug|Any CPU
		{719D3973-4741-46C2-98D0-A8F6B3272EC0}.Debug|Any CPU.Build.0 = Debug|Any CPU
		{719D3973-4741-46C2-98D0-A8F6B3272EC0}.Release|Any CPU.ActiveCfg = Release|Any CPU
		{719D3973-4741-46C2-98D0-A8F6B3272EC0}.Release|Any CPU.Build.0 = Release|Any CPU
		{DEA6EAA5-F54C-410B-B4E0-CB01446FD8E7}.Debug|Any CPU.ActiveCfg = Debug|Any CPU
		{DEA6EAA5-F54C-410B-B4E0-CB01446FD8E7}.Debug|Any CPU.Build.0 = Debug|Any CPU
		{DEA6EAA5-F54C-410B-B4E0-CB01446FD8E7}.Release|Any CPU.ActiveCfg = Release|Any CPU
		{DEA6EAA5-F54C-410B-B4E0-CB01446FD8E7}.Release|Any CPU.Build.0 = Release|Any CPU
		{F6C592A5-CF22-4763-8FCE-5338555F25DF}.Debug|Any CPU.ActiveCfg = Debug|Any CPU
		{F6C592A5-CF22-4763-8FCE-5338555F25DF}.Debug|Any CPU.Build.0 = Debug|Any CPU
		{F6C592A5-CF22-4763-8FCE-5338555F25DF}.Release|Any CPU.ActiveCfg = Release|Any CPU
		{F6C592A5-CF22-4763-8FCE-5338555F25DF}.Release|Any CPU.Build.0 = Release|Any CPU
	EndGlobalSection
	GlobalSection(SolutionProperties) = preSolution
		HideSolutionNode = FALSE
	EndGlobalSection
EndGlobal
