
Microsoft Visual Studio Solution File, Format Version 12.00
# Visual Studio 14
VisualStudioVersion = 14.0.25123.0
MinimumVisualStudioVersion = 10.0.40219.1
Project("{FAE04EC0-301F-11D3-BF4B-00C04F79EFBC}") = "Size", "Size\Size.csproj", "{EFD2C8C4-D4E3-4E55-A68D-A31F486343DE}"
EndProject
Project("{FAE04EC0-301F-11D3-BF4B-00C04F79EFBC}") = "Statistics", "Statistics\Statistics.csproj", "{F30DC6BA-66CF-454A-B076-A004662142C2}"
EndProject
Global
	GlobalSection(SolutionConfigurationPlatforms) = preSolution
		Debug|Any CPU = Debug|Any CPU
		Release|Any CPU = Release|Any CPU
	EndGlobalSection
	GlobalSection(ProjectConfigurationPlatforms) = postSolution
		{EFD2C8C4-D4E3-4E55-A68D-A31F486343DE}.Debug|Any CPU.ActiveCfg = Debug|Any CPU
		{EFD2C8C4-D4E3-4E55-A68D-A31F486343DE}.Debug|Any CPU.Build.0 = Debug|Any CPU
		{EFD2C8C4-D4E3-4E55-A68D-A31F486343DE}.Release|Any CPU.ActiveCfg = Release|Any CPU
		{EFD2C8C4-D4E3-4E55-A68D-A31F486343DE}.Release|Any CPU.Build.0 = Release|Any CPU
		{F30DC6BA-66CF-454A-B076-A004662142C2}.Debug|Any CPU.ActiveCfg = Debug|Any CPU
		{F30DC6BA-66CF-454A-B076-A004662142C2}.Debug|Any CPU.Build.0 = Debug|Any CPU
		{F30DC6BA-66CF-454A-B076-A004662142C2}.Release|Any CPU.ActiveCfg = Release|Any CPU
		{F30DC6BA-66CF-454A-B076-A004662142C2}.Release|Any CPU.Build.0 = Release|Any CPU
	EndGlobalSection
	GlobalSection(SolutionProperties) = preSolution
		HideSolutionNode = FALSE
	EndGlobalSection
EndGlobal
