
Microsoft Visual Studio Solution File, Format Version 12.00
# Visual Studio 14
VisualStudioVersion = 14.0.25123.0
MinimumVisualStudioVersion = 10.0.40219.1
Project("{FAE04EC0-301F-11D3-BF4B-00C04F79EFBC}") = "01. Garden", "01. Garden\01. Garden.csproj", "{D820E82A-40A6-4AB6-A87A-ABB7AEDC5BC6}"
EndProject
Project("{FAE04EC0-301F-11D3-BF4B-00C04F79EFBC}") = "02. Secrets", "02. Secrets\02. Secrets.csproj", "{89BD8933-9325-45C7-833F-8D931172AB25}"
EndProject
Project("{FAE04EC0-301F-11D3-BF4B-00C04F79EFBC}") = "03. CardWars", "03. CardWars\03. CardWars.csproj", "{2A6F1CAD-54C5-437D-AA16-5B563769303B}"
EndProject
Project("{FAE04EC0-301F-11D3-BF4B-00C04F79EFBC}") = "04. BatGoikosTower", "04. BatGoikosTower\04. BatGoikosTower.csproj", "{97E3947F-6C5D-4FCA-BF73-A2C349238BBB}"
EndProject
Global
	GlobalSection(SolutionConfigurationPlatforms) = preSolution
		Debug|Any CPU = Debug|Any CPU
		Release|Any CPU = Release|Any CPU
	EndGlobalSection
	GlobalSection(ProjectConfigurationPlatforms) = postSolution
		{D820E82A-40A6-4AB6-A87A-ABB7AEDC5BC6}.Debug|Any CPU.ActiveCfg = Debug|Any CPU
		{D820E82A-40A6-4AB6-A87A-ABB7AEDC5BC6}.Debug|Any CPU.Build.0 = Debug|Any CPU
		{D820E82A-40A6-4AB6-A87A-ABB7AEDC5BC6}.Release|Any CPU.ActiveCfg = Release|Any CPU
		{D820E82A-40A6-4AB6-A87A-ABB7AEDC5BC6}.Release|Any CPU.Build.0 = Release|Any CPU
		{89BD8933-9325-45C7-833F-8D931172AB25}.Debug|Any CPU.ActiveCfg = Debug|Any CPU
		{89BD8933-9325-45C7-833F-8D931172AB25}.Debug|Any CPU.Build.0 = Debug|Any CPU
		{89BD8933-9325-45C7-833F-8D931172AB25}.Release|Any CPU.ActiveCfg = Release|Any CPU
		{89BD8933-9325-45C7-833F-8D931172AB25}.Release|Any CPU.Build.0 = Release|Any CPU
		{2A6F1CAD-54C5-437D-AA16-5B563769303B}.Debug|Any CPU.ActiveCfg = Debug|Any CPU
		{2A6F1CAD-54C5-437D-AA16-5B563769303B}.Debug|Any CPU.Build.0 = Debug|Any CPU
		{2A6F1CAD-54C5-437D-AA16-5B563769303B}.Release|Any CPU.ActiveCfg = Release|Any CPU
		{2A6F1CAD-54C5-437D-AA16-5B563769303B}.Release|Any CPU.Build.0 = Release|Any CPU
		{97E3947F-6C5D-4FCA-BF73-A2C349238BBB}.Debug|Any CPU.ActiveCfg = Debug|Any CPU
		{97E3947F-6C5D-4FCA-BF73-A2C349238BBB}.Debug|Any CPU.Build.0 = Debug|Any CPU
		{97E3947F-6C5D-4FCA-BF73-A2C349238BBB}.Release|Any CPU.ActiveCfg = Release|Any CPU
		{97E3947F-6C5D-4FCA-BF73-A2C349238BBB}.Release|Any CPU.Build.0 = Release|Any CPU
	EndGlobalSection
	GlobalSection(SolutionProperties) = preSolution
		HideSolutionNode = FALSE
	EndGlobalSection
EndGlobal
