
Microsoft Visual Studio Solution File, Format Version 12.00
# Visual Studio 14
VisualStudioVersion = 14.0.24720.0
MinimumVisualStudioVersion = 10.0.40219.1
Project("{FAE04EC0-301F-11D3-BF4B-00C04F79EFBC}") = "01. PrintOneToN", "1. PrintOneToN\01. PrintOneToN.csproj", "{C35E1480-5DBC-4337-9CE2-0788399D530F}"
EndProject
Project("{FAE04EC0-301F-11D3-BF4B-00C04F79EFBC}") = "02. ConditionalLoop", "02. ConditionalLoop\02. ConditionalLoop.csproj", "{E98CFD9A-8D4E-4A35-ADDC-4EBB4B257991}"
EndProject
Project("{FAE04EC0-301F-11D3-BF4B-00C04F79EFBC}") = "03. PrintSmallestAndBiggestNumber", "03. PrintSmallestAndBiggestNumber\03. PrintSmallestAndBiggestNumber.csproj", "{168F5A39-4DB3-42A5-887E-3BAF3705F8FA}"
EndProject
Project("{FAE04EC0-301F-11D3-BF4B-00C04F79EFBC}") = "04. PrintCardsDeck", "04. PrintCardsDeck\04. PrintCardsDeck.csproj", "{65FBB80C-4F67-432E-A453-814B7F28C605}"
EndProject
Project("{FAE04EC0-301F-11D3-BF4B-00C04F79EFBC}") = "05. FibonacciSequencePrint", "05. FibonacciSequencePrint\05. FibonacciSequencePrint.csproj", "{DCB4ED02-065D-4C5C-8C74-E27662D3AAB1}"
EndProject
Project("{FAE04EC0-301F-11D3-BF4B-00C04F79EFBC}") = "06. CalculateFactorial", "06. CalculateFactorial\06. CalculateFactorial.csproj", "{60E28362-5213-44C6-8D1E-38396D8D620F}"
EndProject
Project("{FAE04EC0-301F-11D3-BF4B-00C04F79EFBC}") = "07. ExpressionCalc", "07. ExpressionCalc\07. ExpressionCalc.csproj", "{1C58F163-0640-4C37-8044-13F548868169}"
EndProject
Project("{FAE04EC0-301F-11D3-BF4B-00C04F79EFBC}") = "08. CatalanNumbers", "08. CatalanNumbers\08. CatalanNumbers.csproj", "{9BB5821F-E967-453A-A2A0-62DD59120062}"
EndProject
Project("{FAE04EC0-301F-11D3-BF4B-00C04F79EFBC}") = "09. ExpressionCalcSum", "09. ExpressionCalcSum\09. ExpressionCalcSum.csproj", "{9112EFD7-2943-482F-AA63-C6A39CE7A08F}"
EndProject
Project("{FAE04EC0-301F-11D3-BF4B-00C04F79EFBC}") = "10. PrintNumbersMatrix", "10. PrintNumbersMatrix\10. PrintNumbersMatrix.csproj", "{B2AFD664-72EB-48F0-B375-94B23B970A98}"
EndProject
Project("{FAE04EC0-301F-11D3-BF4B-00C04F79EFBC}") = "11. CountFactorialZeroes", "11. CountFactorialZeroes\11. CountFactorialZeroes.csproj", "{F9BF9FE6-2A52-4720-96E7-6D0B6289B824}"
EndProject
Global
	GlobalSection(SolutionConfigurationPlatforms) = preSolution
		Debug|Any CPU = Debug|Any CPU
		Release|Any CPU = Release|Any CPU
	EndGlobalSection
	GlobalSection(ProjectConfigurationPlatforms) = postSolution
		{C35E1480-5DBC-4337-9CE2-0788399D530F}.Debug|Any CPU.ActiveCfg = Debug|Any CPU
		{C35E1480-5DBC-4337-9CE2-0788399D530F}.Debug|Any CPU.Build.0 = Debug|Any CPU
		{C35E1480-5DBC-4337-9CE2-0788399D530F}.Release|Any CPU.ActiveCfg = Release|Any CPU
		{C35E1480-5DBC-4337-9CE2-0788399D530F}.Release|Any CPU.Build.0 = Release|Any CPU
		{E98CFD9A-8D4E-4A35-ADDC-4EBB4B257991}.Debug|Any CPU.ActiveCfg = Debug|Any CPU
		{E98CFD9A-8D4E-4A35-ADDC-4EBB4B257991}.Debug|Any CPU.Build.0 = Debug|Any CPU
		{E98CFD9A-8D4E-4A35-ADDC-4EBB4B257991}.Release|Any CPU.ActiveCfg = Release|Any CPU
		{E98CFD9A-8D4E-4A35-ADDC-4EBB4B257991}.Release|Any CPU.Build.0 = Release|Any CPU
		{168F5A39-4DB3-42A5-887E-3BAF3705F8FA}.Debug|Any CPU.ActiveCfg = Debug|Any CPU
		{168F5A39-4DB3-42A5-887E-3BAF3705F8FA}.Debug|Any CPU.Build.0 = Debug|Any CPU
		{168F5A39-4DB3-42A5-887E-3BAF3705F8FA}.Release|Any CPU.ActiveCfg = Release|Any CPU
		{168F5A39-4DB3-42A5-887E-3BAF3705F8FA}.Release|Any CPU.Build.0 = Release|Any CPU
		{65FBB80C-4F67-432E-A453-814B7F28C605}.Debug|Any CPU.ActiveCfg = Debug|Any CPU
		{65FBB80C-4F67-432E-A453-814B7F28C605}.Debug|Any CPU.Build.0 = Debug|Any CPU
		{65FBB80C-4F67-432E-A453-814B7F28C605}.Release|Any CPU.ActiveCfg = Release|Any CPU
		{65FBB80C-4F67-432E-A453-814B7F28C605}.Release|Any CPU.Build.0 = Release|Any CPU
		{DCB4ED02-065D-4C5C-8C74-E27662D3AAB1}.Debug|Any CPU.ActiveCfg = Debug|Any CPU
		{DCB4ED02-065D-4C5C-8C74-E27662D3AAB1}.Debug|Any CPU.Build.0 = Debug|Any CPU
		{DCB4ED02-065D-4C5C-8C74-E27662D3AAB1}.Release|Any CPU.ActiveCfg = Release|Any CPU
		{DCB4ED02-065D-4C5C-8C74-E27662D3AAB1}.Release|Any CPU.Build.0 = Release|Any CPU
		{60E28362-5213-44C6-8D1E-38396D8D620F}.Debug|Any CPU.ActiveCfg = Debug|Any CPU
		{60E28362-5213-44C6-8D1E-38396D8D620F}.Debug|Any CPU.Build.0 = Debug|Any CPU
		{60E28362-5213-44C6-8D1E-38396D8D620F}.Release|Any CPU.ActiveCfg = Release|Any CPU
		{60E28362-5213-44C6-8D1E-38396D8D620F}.Release|Any CPU.Build.0 = Release|Any CPU
		{1C58F163-0640-4C37-8044-13F548868169}.Debug|Any CPU.ActiveCfg = Debug|Any CPU
		{1C58F163-0640-4C37-8044-13F548868169}.Debug|Any CPU.Build.0 = Debug|Any CPU
		{1C58F163-0640-4C37-8044-13F548868169}.Release|Any CPU.ActiveCfg = Release|Any CPU
		{1C58F163-0640-4C37-8044-13F548868169}.Release|Any CPU.Build.0 = Release|Any CPU
		{9BB5821F-E967-453A-A2A0-62DD59120062}.Debug|Any CPU.ActiveCfg = Debug|Any CPU
		{9BB5821F-E967-453A-A2A0-62DD59120062}.Debug|Any CPU.Build.0 = Debug|Any CPU
		{9BB5821F-E967-453A-A2A0-62DD59120062}.Release|Any CPU.ActiveCfg = Release|Any CPU
		{9BB5821F-E967-453A-A2A0-62DD59120062}.Release|Any CPU.Build.0 = Release|Any CPU
		{9112EFD7-2943-482F-AA63-C6A39CE7A08F}.Debug|Any CPU.ActiveCfg = Debug|Any CPU
		{9112EFD7-2943-482F-AA63-C6A39CE7A08F}.Debug|Any CPU.Build.0 = Debug|Any CPU
		{9112EFD7-2943-482F-AA63-C6A39CE7A08F}.Release|Any CPU.ActiveCfg = Release|Any CPU
		{9112EFD7-2943-482F-AA63-C6A39CE7A08F}.Release|Any CPU.Build.0 = Release|Any CPU
		{B2AFD664-72EB-48F0-B375-94B23B970A98}.Debug|Any CPU.ActiveCfg = Debug|Any CPU
		{B2AFD664-72EB-48F0-B375-94B23B970A98}.Debug|Any CPU.Build.0 = Debug|Any CPU
		{B2AFD664-72EB-48F0-B375-94B23B970A98}.Release|Any CPU.ActiveCfg = Release|Any CPU
		{B2AFD664-72EB-48F0-B375-94B23B970A98}.Release|Any CPU.Build.0 = Release|Any CPU
		{F9BF9FE6-2A52-4720-96E7-6D0B6289B824}.Debug|Any CPU.ActiveCfg = Debug|Any CPU
		{F9BF9FE6-2A52-4720-96E7-6D0B6289B824}.Debug|Any CPU.Build.0 = Debug|Any CPU
		{F9BF9FE6-2A52-4720-96E7-6D0B6289B824}.Release|Any CPU.ActiveCfg = Release|Any CPU
		{F9BF9FE6-2A52-4720-96E7-6D0B6289B824}.Release|Any CPU.Build.0 = Release|Any CPU
	EndGlobalSection
	GlobalSection(SolutionProperties) = preSolution
		HideSolutionNode = FALSE
	EndGlobalSection
EndGlobal
